
Microsoft Visual Studio Solution File, Format Version 12.00
# Visual Studio Version 16
VisualStudioVersion = 16.0.31702.278
MinimumVisualStudioVersion = 10.0.40219.1
Project("{FAE04EC0-301F-11D3-BF4B-00C04F79EFBC}") = "RD_Team_TweetMonitor", "RD_Team_TweetMonitor\RD_Team_TweetMonitor.csproj", "{4512D098-59CB-475B-9E2E-51554B6A5742}"
EndProject
Global
	GlobalSection(SolutionConfigurationPlatforms) = preSolution
		Debug|Any CPU = Debug|Any CPU
		Release|Any CPU = Release|Any CPU
	EndGlobalSection
	GlobalSection(ProjectConfigurationPlatforms) = postSolution
		{4512D098-59CB-475B-9E2E-51554B6A5742}.Debug|Any CPU.ActiveCfg = Debug|Any CPU
		{4512D098-59CB-475B-9E2E-51554B6A5742}.Debug|Any CPU.Build.0 = Debug|Any CPU
		{4512D098-59CB-475B-9E2E-51554B6A5742}.Release|Any CPU.ActiveCfg = Release|Any CPU
		{4512D098-59CB-475B-9E2E-51554B6A5742}.Release|Any CPU.Build.0 = Release|Any CPU
	EndGlobalSection
	GlobalSection(SolutionProperties) = preSolution
		HideSolutionNode = FALSE
	EndGlobalSection
	GlobalSection(ExtensibilityGlobals) = postSolution
		SolutionGuid = {1D4BFC4E-462D-4DA4-B5F9-FEFE7FFA708B}
	EndGlobalSection
EndGlobal
